
Microsoft Visual Studio Solution File, Format Version 12.00
# Visual Studio Version 17
VisualStudioVersion = 17.11.35327.3
MinimumVisualStudioVersion = 10.0.40219.1
Project("{FAE04EC0-301F-11D3-BF4B-00C04F79EFBC}") = "MedicineProject", "MedicineProject.csproj", "{F8A62CAA-D160-4B69-9E15-3542A4E5432C}"
EndProject
Global
	GlobalSection(SolutionConfigurationPlatforms) = preSolution
		Debug|Any CPU = Debug|Any CPU
		Release|Any CPU = Release|Any CPU
	EndGlobalSection
	GlobalSection(ProjectConfigurationPlatforms) = postSolution
		{F8A62CAA-D160-4B69-9E15-3542A4E5432C}.Debug|Any CPU.ActiveCfg = Debug|Any CPU
		{F8A62CAA-D160-4B69-9E15-3542A4E5432C}.Debug|Any CPU.Build.0 = Debug|Any CPU
		{F8A62CAA-D160-4B69-9E15-3542A4E5432C}.Release|Any CPU.ActiveCfg = Release|Any CPU
		{F8A62CAA-D160-4B69-9E15-3542A4E5432C}.Release|Any CPU.Build.0 = Release|Any CPU
	EndGlobalSection
	GlobalSection(SolutionProperties) = preSolution
		HideSolutionNode = FALSE
	EndGlobalSection
	GlobalSection(ExtensibilityGlobals) = postSolution
		SolutionGuid = {A1E7549F-662A-49A5-8D3B-75360AEE1432}
	EndGlobalSection
EndGlobal
